// !$*UTF8*$!
{ archiveVersion = 1; classes = {}; objectVersion = 56; objects = {
00000000000000000000012C = { isa = PBXFileReference; lastKnownFileType = sourcecode.swift; path = RestAttributes.swift; sourceTree = "<group>"; };
00000000000000000000012D = { isa = PBXBuildFile; fileRef = 00000000000000000000012C; };
00000000000000000000012E = { isa = PBXBuildFile; fileRef = 00000000000000000000012C; };
00000000000000000000012F = { isa = PBXFileReference; lastKnownFileType = sourcecode.swift; path = RestActivity.swift; sourceTree = "<group>"; };
000000000000000000000130 = { isa = PBXBuildFile; fileRef = 00000000000000000000012F; };
000000000000000000000131 = { isa = PBXFileReference; explicitFileType = "wrapper.app-extension"; path = RestActivity.appex; sourceTree = BUILT_PRODUCTS_DIR; };
000000000000000000000132 = { isa = PBXGroup; children = (00000000000000000000012F); path = RestActivity; sourceTree = "<group>"; };
000000000000000000000133 = { isa = PBXNativeTarget; buildConfigurationList = 000000000000000000000138; buildPhases = (000000000000000000000134, 000000000000000000000135); buildRules = (); dependencies = (); name = RestActivity; productName = RestActivity; productReference = 000000000000000000000131; productType = "com.apple.product-type.app-extension"; };
000000000000000000000134 = { isa = PBXSourcesBuildPhase; buildActionMask = 2147483647; files = (00000000000000000000012E, 000000000000000000000130); runOnlyForDeploymentPostprocessing = 0; };
000000000000000000000135 = { isa = PBXFrameworksBuildPhase; buildActionMask = 2147483647; files = (); runOnlyForDeploymentPostprocessing = 0; };
000000000000000000000136 = { isa = PBXBuildFile; fileRef = 000000000000000000000131; settings = { ATTRIBUTES = (RemoveHeadersOnCopy); }; };
000000000000000000000137 = { isa = PBXCopyFilesBuildPhase; buildActionMask = 2147483647; dstPath = ""; dstSubfolderSpec = 13; files = (000000000000000000000136); name = "Embed App Extensions"; runOnlyForDeploymentPostprocessing = 0; };
000000000000000000000138 = { isa = XCConfigurationList; buildConfigurations = (000000000000000000000139, 00000000000000000000013A); defaultConfigurationIsVisible = 0; defaultConfigurationName = Release; };
000000000000000000000139 = { isa = XCBuildConfiguration; name = Debug; buildSettings = { PRODUCT_BUNDLE_IDENTIFIER = com.inke.resttimer.activity; PRODUCT_NAME = "$(TARGET_NAME)"; INFOPLIST_FILE = RestActivity/Info.plist; GENERATE_INFOPLIST_FILE = YES; INFOPLIST_KEY_CFBundleDisplayName = "组间计时"; IPHONEOS_DEPLOYMENT_TARGET = 26.0; SWIFT_VERSION = 5.0; TARGETED_DEVICE_FAMILY = 1; CODE_SIGN_STYLE = Automatic; SKIP_INSTALL = YES; APPLICATION_EXTENSION_API_ONLY = YES; CURRENT_PROJECT_VERSION = 2; MARKETING_VERSION = 1.0; LD_RUNPATH_SEARCH_PATHS = ("$(inherited)", "@executable_path/Frameworks", "@executable_path/../../Frameworks"); }; };
00000000000000000000013A = { isa = XCBuildConfiguration; name = Release; buildSettings = { PRODUCT_BUNDLE_IDENTIFIER = com.inke.resttimer.activity; PRODUCT_NAME = "$(TARGET_NAME)"; INFOPLIST_FILE = RestActivity/Info.plist; GENERATE_INFOPLIST_FILE = YES; INFOPLIST_KEY_CFBundleDisplayName = "组间计时"; IPHONEOS_DEPLOYMENT_TARGET = 26.0; SWIFT_VERSION = 5.0; TARGETED_DEVICE_FAMILY = 1; CODE_SIGN_STYLE = Automatic; SKIP_INSTALL = YES; APPLICATION_EXTENSION_API_ONLY = YES; CURRENT_PROJECT_VERSION = 2; MARKETING_VERSION = 1.0; LD_RUNPATH_SEARCH_PATHS = ("$(inherited)", "@executable_path/Frameworks", "@executable_path/../../Frameworks"); }; };
00000000000000000000013B = { isa = PBXContainerItemProxy; containerPortal = 000000000000000000000001; proxyType = 1; remoteGlobalIDString = 000000000000000000000133; remoteInfo = RestActivity; };
00000000000000000000013C = { isa = PBXTargetDependency; target = 000000000000000000000133; targetProxy = 00000000000000000000013B; };
000000000000000000000078 = { isa = PBXFileReference; lastKnownFileType = folder.assetcatalog; path = Assets.xcassets; sourceTree = "<group>"; };
0000000000000000000000DC = { isa = PBXBuildFile; fileRef = 000000000000000000000078; };
000000000000000000000064 = { isa = PBXFileReference; lastKnownFileType = sourcecode.swift; path = RestTimerApp.swift; sourceTree = "<group>"; };
0000000000000000000000C8 = { isa = PBXBuildFile; fileRef = 000000000000000000000064; };
000000000000000000000065 = { isa = PBXFileReference; lastKnownFileType = sourcecode.swift; path = ContentView.swift; sourceTree = "<group>"; };
0000000000000000000000C9 = { isa = PBXBuildFile; fileRef = 000000000000000000000065; };
000000000000000000000066 = { isa = PBXFileReference; lastKnownFileType = sourcecode.swift; path = RestService.swift; sourceTree = "<group>"; };
0000000000000000000000CA = { isa = PBXBuildFile; fileRef = 000000000000000000000066; };
000000000000000000000067 = { isa = PBXFileReference; lastKnownFileType = sourcecode.swift; path = RestIntent.swift; sourceTree = "<group>"; };
0000000000000000000000CB = { isa = PBXBuildFile; fileRef = 000000000000000000000067; };
00000000000000000000006E = { isa = PBXFileReference; lastKnownFileType = sourcecode.swift; path = RestTimerTests.swift; sourceTree = "<group>"; };
0000000000000000000000D2 = { isa = PBXBuildFile; fileRef = 00000000000000000000006E; };
000000000000000000000001 = { isa = PBXProject; attributes = { BuildIndependentTargetsInParallel = YES; LastUpgradeCheck = 2600; }; buildConfigurationList = 00000000000000000000000A; compatibilityVersion = "Xcode 14.0"; developmentRegion = zh_CN; knownRegions = (zh_CN, en, Base); mainGroup = 000000000000000000000002; productRefGroup = 000000000000000000000005; projectDirPath = ""; projectRoot = ""; targets = (000000000000000000000006, 000000000000000000000007, 000000000000000000000133); };
000000000000000000000002 = { isa = PBXGroup; children = (000000000000000000000132, 000000000000000000000003, 000000000000000000000004, 000000000000000000000005); sourceTree = "<group>"; };
000000000000000000000003 = { isa = PBXGroup; children = (00000000000000000000012C, 000000000000000000000078, 000000000000000000000064, 000000000000000000000065, 000000000000000000000066, 000000000000000000000067); path = RestTimer; sourceTree = "<group>"; };
000000000000000000000004 = { isa = PBXGroup; children = (00000000000000000000006E); path = RestTimerTests; sourceTree = "<group>"; };
000000000000000000000005 = { isa = PBXGroup; children = (000000000000000000000131, 000000000000000000000008, 000000000000000000000009); name = Products; sourceTree = "<group>"; };
000000000000000000000008 = { isa = PBXFileReference; explicitFileType = wrapper.application; path = RestTimer.app; sourceTree = BUILT_PRODUCTS_DIR; };
000000000000000000000009 = { isa = PBXFileReference; explicitFileType = wrapper.cfbundle; path = RestTimerTests.xctest; sourceTree = BUILT_PRODUCTS_DIR; };
000000000000000000000006 = { isa = PBXNativeTarget; buildConfigurationList = 00000000000000000000000B; buildPhases = (000000000000000000000014, 000000000000000000000015, 000000000000000000000016, 000000000000000000000137); buildRules = (); dependencies = (00000000000000000000013C); name = RestTimer; productName = RestTimer; productReference = 000000000000000000000008; productType = "com.apple.product-type.application"; };
000000000000000000000007 = { isa = PBXNativeTarget; buildConfigurationList = 00000000000000000000000C; buildPhases = (000000000000000000000017, 000000000000000000000018); buildRules = (); dependencies = (00000000000000000000001A); name = RestTimerTests; productName = RestTimerTests; productReference = 000000000000000000000009; productType = "com.apple.product-type.bundle.unit-test"; };
000000000000000000000019 = { isa = PBXContainerItemProxy; containerPortal = 000000000000000000000001; proxyType = 1; remoteGlobalIDString = 000000000000000000000006; remoteInfo = RestTimer; };
00000000000000000000001A = { isa = PBXTargetDependency; target = 000000000000000000000006; targetProxy = 000000000000000000000019; };
000000000000000000000014 = { isa = PBXSourcesBuildPhase; buildActionMask = 2147483647; files = (00000000000000000000012D, 0000000000000000000000C8, 0000000000000000000000C9, 0000000000000000000000CA, 0000000000000000000000CB); runOnlyForDeploymentPostprocessing = 0; };
000000000000000000000015 = { isa = PBXFrameworksBuildPhase; buildActionMask = 2147483647; files = (); runOnlyForDeploymentPostprocessing = 0; };
000000000000000000000016 = { isa = PBXResourcesBuildPhase; buildActionMask = 2147483647; files = (0000000000000000000000DC); runOnlyForDeploymentPostprocessing = 0; };
000000000000000000000017 = { isa = PBXSourcesBuildPhase; buildActionMask = 2147483647; files = (0000000000000000000000D2); runOnlyForDeploymentPostprocessing = 0; };
000000000000000000000018 = { isa = PBXFrameworksBuildPhase; buildActionMask = 2147483647; files = (); runOnlyForDeploymentPostprocessing = 0; };
00000000000000000000000A = { isa = XCConfigurationList; buildConfigurations = (00000000000000000000001E, 00000000000000000000001F); defaultConfigurationIsVisible = 0; defaultConfigurationName = Release; };
00000000000000000000001E = { isa = XCBuildConfiguration; buildSettings = { CLANG_ENABLE_MODULES = YES; SDKROOT = iphoneos; IPHONEOS_DEPLOYMENT_TARGET = 26.0; SWIFT_VERSION = 5.0; SWIFT_OPTIMIZATION_LEVEL = "-Onone"; ENABLE_TESTABILITY = YES; DEBUG_INFORMATION_FORMAT = dwarf;  }; name = Debug; };
00000000000000000000001F = { isa = XCBuildConfiguration; buildSettings = { CLANG_ENABLE_MODULES = YES; SDKROOT = iphoneos; IPHONEOS_DEPLOYMENT_TARGET = 26.0; SWIFT_VERSION = 5.0; SWIFT_COMPILATION_MODE = wholemodule;  }; name = Release; };
00000000000000000000000B = { isa = XCConfigurationList; buildConfigurations = (000000000000000000000020, 000000000000000000000021); defaultConfigurationIsVisible = 0; defaultConfigurationName = Release; };
000000000000000000000020 = { isa = XCBuildConfiguration; buildSettings = { CLANG_ENABLE_MODULES = YES; SDKROOT = iphoneos; IPHONEOS_DEPLOYMENT_TARGET = 26.0; SWIFT_VERSION = 5.0; SWIFT_OPTIMIZATION_LEVEL = "-Onone"; ENABLE_TESTABILITY = YES; DEBUG_INFORMATION_FORMAT = dwarf; ASSETCATALOG_COMPILER_APPICON_NAME = AppIcon; PRODUCT_BUNDLE_IDENTIFIER = com.inke.resttimer; PRODUCT_NAME = "$(TARGET_NAME)"; GENERATE_INFOPLIST_FILE = YES; INFOPLIST_KEY_CFBundleDisplayName = "组间"; INFOPLIST_KEY_NSSupportsLiveActivities = YES; INFOPLIST_KEY_UILaunchScreen_Generation = YES; INFOPLIST_KEY_UIApplicationSceneManifest_Generation = YES; INFOPLIST_KEY_UISupportedInterfaceOrientations = UIInterfaceOrientationPortrait; TARGETED_DEVICE_FAMILY = 1; CODE_SIGN_STYLE = Automatic; CURRENT_PROJECT_VERSION = 2; MARKETING_VERSION = 1.0;  }; name = Debug; };
000000000000000000000021 = { isa = XCBuildConfiguration; buildSettings = { CLANG_ENABLE_MODULES = YES; SDKROOT = iphoneos; IPHONEOS_DEPLOYMENT_TARGET = 26.0; SWIFT_VERSION = 5.0; SWIFT_COMPILATION_MODE = wholemodule; ASSETCATALOG_COMPILER_APPICON_NAME = AppIcon; PRODUCT_BUNDLE_IDENTIFIER = com.inke.resttimer; PRODUCT_NAME = "$(TARGET_NAME)"; GENERATE_INFOPLIST_FILE = YES; INFOPLIST_KEY_CFBundleDisplayName = "组间"; INFOPLIST_KEY_NSSupportsLiveActivities = YES; INFOPLIST_KEY_UILaunchScreen_Generation = YES; INFOPLIST_KEY_UIApplicationSceneManifest_Generation = YES; INFOPLIST_KEY_UISupportedInterfaceOrientations = UIInterfaceOrientationPortrait; TARGETED_DEVICE_FAMILY = 1; CODE_SIGN_STYLE = Automatic; CURRENT_PROJECT_VERSION = 2; MARKETING_VERSION = 1.0;  }; name = Release; };
00000000000000000000000C = { isa = XCConfigurationList; buildConfigurations = (000000000000000000000022, 000000000000000000000023); defaultConfigurationIsVisible = 0; defaultConfigurationName = Release; };
000000000000000000000022 = { isa = XCBuildConfiguration; buildSettings = { CLANG_ENABLE_MODULES = YES; SDKROOT = iphoneos; IPHONEOS_DEPLOYMENT_TARGET = 26.0; SWIFT_VERSION = 5.0; SWIFT_OPTIMIZATION_LEVEL = "-Onone"; ENABLE_TESTABILITY = YES; DEBUG_INFORMATION_FORMAT = dwarf; PRODUCT_BUNDLE_IDENTIFIER = com.inke.resttimer.tests; PRODUCT_NAME = "$(TARGET_NAME)"; GENERATE_INFOPLIST_FILE = YES; TEST_HOST = "$(BUILT_PRODUCTS_DIR)/RestTimer.app/$(BUNDLE_EXECUTABLE_FOLDER_PATH)/RestTimer"; BUNDLE_LOADER = "$(TEST_HOST)"; TARGETED_DEVICE_FAMILY = 1; CODE_SIGN_STYLE = Automatic;  }; name = Debug; };
000000000000000000000023 = { isa = XCBuildConfiguration; buildSettings = { CLANG_ENABLE_MODULES = YES; SDKROOT = iphoneos; IPHONEOS_DEPLOYMENT_TARGET = 26.0; SWIFT_VERSION = 5.0; SWIFT_COMPILATION_MODE = wholemodule; PRODUCT_BUNDLE_IDENTIFIER = com.inke.resttimer.tests; PRODUCT_NAME = "$(TARGET_NAME)"; GENERATE_INFOPLIST_FILE = YES; TEST_HOST = "$(BUILT_PRODUCTS_DIR)/RestTimer.app/$(BUNDLE_EXECUTABLE_FOLDER_PATH)/RestTimer"; BUNDLE_LOADER = "$(TEST_HOST)"; TARGETED_DEVICE_FAMILY = 1; CODE_SIGN_STYLE = Automatic;  }; name = Release; };
}; rootObject = 000000000000000000000001; }